// !$*UTF8*$!
{
	archiveVersion = 1;
	classes = {
	};
	objectVersion = 56;
	objects = {

/* Begin PBXBuildFile section */
		6938E3EF2AA5141500E37202 /* AppDelegate.swift in Sources */ = {isa = PBXBuildFile; fileRef = 6938E3EE2AA5141500E37202 /* AppDelegate.swift */; };
		6938E3F12AA5141500E37202 /* SceneDelegate.swift in Sources */ = {isa = PBXBuildFile; fileRef = 6938E3F02AA5141500E37202 /* SceneDelegate.swift */; };
		6938E3F32AA5141500E37202 /* PlanetsViewController.swift in Sources */ = {isa = PBXBuildFile; fileRef = 6938E3F22AA5141500E37202 /* PlanetsViewController.swift */; };
		6938E3F82AA5141800E37202 /* Assets.xcassets in Resources */ = {isa = PBXBuildFile; fileRef = 6938E3F72AA5141800E37202 /* Assets.xcassets */; };
		6938E3FB2AA5141800E37202 /* LaunchScreen.storyboard in Resources */ = {isa = PBXBuildFile; fileRef = 6938E3F92AA5141800E37202 /* LaunchScreen.storyboard */; };
		6938E4032AA5512D00E37202 /* ZodiacsViewController.swift in Sources */ = {isa = PBXBuildFile; fileRef = 6938E4022AA5512D00E37202 /* ZodiacsViewController.swift */; };
		694BAAC72B047A1B00D49DF1 /* Houses.swift in Sources */ = {isa = PBXBuildFile; fileRef = 694BAAC62B047A1B00D49DF1 /* Houses.swift */; };
		694BAAC92B04868A00D49DF1 /* Aspects.swift in Sources */ = {isa = PBXBuildFile; fileRef = 694BAAC82B04868A00D49DF1 /* Aspects.swift */; };
		694BAACC2B09A59400D49DF1 /* Quality.swift in Sources */ = {isa = PBXBuildFile; fileRef = 694BAACB2B09A59400D49DF1 /* Quality.swift */; };
		694BAACE2B09A5FD00D49DF1 /* Zodiacs.swift in Sources */ = {isa = PBXBuildFile; fileRef = 694BAACD2B09A5FD00D49DF1 /* Zodiacs.swift */; };
		694BAAD02B09A73200D49DF1 /* Signs.swift in Sources */ = {isa = PBXBuildFile; fileRef = 694BAACF2B09A73200D49DF1 /* Signs.swift */; };
		694BAAD22B0AC8B200D49DF1 /* VCPreview.swift in Sources */ = {isa = PBXBuildFile; fileRef = 694BAAD12B0AC8B200D49DF1 /* VCPreview.swift */; };
		696E21382B2FF9A3001C4504 /* NexaDemo-Light.ttf in Resources */ = {isa = PBXBuildFile; fileRef = 696E21342B2FF9A2001C4504 /* NexaDemo-Light.ttf */; };
		696E21392B2FF9A3001C4504 /* NexaTextDemo-Light.ttf in Resources */ = {isa = PBXBuildFile; fileRef = 696E21352B2FF9A2001C4504 /* NexaTextDemo-Light.ttf */; };
		696E213A2B2FF9A3001C4504 /* NexaTextDemo-Bold.ttf in Resources */ = {isa = PBXBuildFile; fileRef = 696E21362B2FF9A2001C4504 /* NexaTextDemo-Bold.ttf */; };
		696E213B2B2FF9A3001C4504 /* NexaDemo-Bold.ttf in Resources */ = {isa = PBXBuildFile; fileRef = 696E21372B2FF9A3001C4504 /* NexaDemo-Bold.ttf */; };
		696E213D2B2FF9B1001C4504 /* FF EULA License ver2.2.pdf in Resources */ = {isa = PBXBuildFile; fileRef = 696E213C2B2FF9B1001C4504 /* FF EULA License ver2.2.pdf */; };
		696E213F2B2FFAB3001C4504 /* Fonts.swift in Sources */ = {isa = PBXBuildFile; fileRef = 696E213E2B2FFAB3001C4504 /* Fonts.swift */; };
		696E21412B311EE4001C4504 /* CustomTabBarController.swift in Sources */ = {isa = PBXBuildFile; fileRef = 696E21402B311EE4001C4504 /* CustomTabBarController.swift */; };
		696FFAEE2AB91A6800C233E1 /* Planets.swift in Sources */ = {isa = PBXBuildFile; fileRef = 696FFAED2AB91A6800C233E1 /* Planets.swift */; };
		69BFB6242B8197AA00AEFF2B /* TabBarViewModel.swift in Sources */ = {isa = PBXBuildFile; fileRef = 69BFB6232B8197AA00AEFF2B /* TabBarViewModel.swift */; };
		69BFB6262B82C10100AEFF2B /* ZodiacViewModel.swift in Sources */ = {isa = PBXBuildFile; fileRef = 69BFB6252B82C10100AEFF2B /* ZodiacViewModel.swift */; };
		69BFB6282B82C92100AEFF2B /* AspectsViewModel.swift in Sources */ = {isa = PBXBuildFile; fileRef = 69BFB6272B82C92100AEFF2B /* AspectsViewModel.swift */; };
		69BFB62A2B82C98600AEFF2B /* HousesViewModel.swift in Sources */ = {isa = PBXBuildFile; fileRef = 69BFB6292B82C98600AEFF2B /* HousesViewModel.swift */; };
		69BFB6312B82CE4E00AEFF2B /* QualityViewModel.swift in Sources */ = {isa = PBXBuildFile; fileRef = 69BFB6302B82CE4E00AEFF2B /* QualityViewModel.swift */; };
		69BFB6332B82CE5C00AEFF2B /* SignViewModel.swift in Sources */ = {isa = PBXBuildFile; fileRef = 69BFB6322B82CE5C00AEFF2B /* SignViewModel.swift */; };
		69BFB6352B82D07400AEFF2B /* ZodiacTableViewCell.swift in Sources */ = {isa = PBXBuildFile; fileRef = 69BFB6342B82D07400AEFF2B /* ZodiacTableViewCell.swift */; };
		69F4BA992B25163A00EA9C05 /* astrologyData.json in Resources */ = {isa = PBXBuildFile; fileRef = 69F4BA982B25163A00EA9C05 /* astrologyData.json */; };
		69F4BA9B2B254D5400EA9C05 /* AstrologyDataService.swift in Sources */ = {isa = PBXBuildFile; fileRef = 69F4BA9A2B254D5400EA9C05 /* AstrologyDataService.swift */; };
		69F4BA9D2B25504700EA9C05 /* AstrologyData.swift in Sources */ = {isa = PBXBuildFile; fileRef = 69F4BA9C2B25504700EA9C05 /* AstrologyData.swift */; };
		69F4BAA02B25744700EA9C05 /* AspectsViewController.swift in Sources */ = {isa = PBXBuildFile; fileRef = 69F4BA9F2B25744700EA9C05 /* AspectsViewController.swift */; };
		69F4BAA22B25746200EA9C05 /* HousesViewController.swift in Sources */ = {isa = PBXBuildFile; fileRef = 69F4BAA12B25746200EA9C05 /* HousesViewController.swift */; };
		69F4BAA42B25777400EA9C05 /* PlanetsViewModel.swift in Sources */ = {isa = PBXBuildFile; fileRef = 69F4BAA32B25777400EA9C05 /* PlanetsViewModel.swift */; };
		69F4BAA62B2578DB00EA9C05 /* PlanetTableViewCell.swift in Sources */ = {isa = PBXBuildFile; fileRef = 69F4BAA52B2578DB00EA9C05 /* PlanetTableViewCell.swift */; };
		69F4BAA82B26552000EA9C05 /* PlanetDetailViewController.swift in Sources */ = {isa = PBXBuildFile; fileRef = 69F4BAA72B26552000EA9C05 /* PlanetDetailViewController.swift */; };
/* End PBXBuildFile section */

/* Begin PBXFileReference section */
		6938E3EB2AA5141500E37202 /* astroApp.app */ = {isa = PBXFileReference; explicitFileType = wrapper.application; includeInIndex = 0; path = astroApp.app; sourceTree = BUILT_PRODUCTS_DIR; };
		6938E3EE2AA5141500E37202 /* AppDelegate.swift */ = {isa = PBXFileReference; lastKnownFileType = sourcecode.swift; path = AppDelegate.swift; sourceTree = "<group>"; };
		6938E3F02AA5141500E37202 /* SceneDelegate.swift */ = {isa = PBXFileReference; lastKnownFileType = sourcecode.swift; path = SceneDelegate.swift; sourceTree = "<group>"; };
		6938E3F22AA5141500E37202 /* PlanetsViewController.swift */ = {isa = PBXFileReference; lastKnownFileType = sourcecode.swift; path = PlanetsViewController.swift; sourceTree = "<group>"; };
		6938E3F72AA5141800E37202 /* Assets.xcassets */ = {isa = PBXFileReference; lastKnownFileType = folder.assetcatalog; path = Assets.xcassets; sourceTree = "<group>"; };
		6938E3FA2AA5141800E37202 /* Base */ = {isa = PBXFileReference; lastKnownFileType = file.storyboard; name = Base; path = Base.lproj/LaunchScreen.storyboard; sourceTree = "<group>"; };
		6938E3FC2AA5141800E37202 /* Info.plist */ = {isa = PBXFileReference; lastKnownFileType = text.plist.xml; path = Info.plist; sourceTree = "<group>"; };
		6938E4022AA5512D00E37202 /* ZodiacsViewController.swift */ = {isa = PBXFileReference; lastKnownFileType = sourcecode.swift; path = ZodiacsViewController.swift; sourceTree = "<group>"; };
		694BAAC62B047A1B00D49DF1 /* Houses.swift */ = {isa = PBXFileReference; lastKnownFileType = sourcecode.swift; path = Houses.swift; sourceTree = "<group>"; };
		694BAAC82B04868A00D49DF1 /* Aspects.swift */ = {isa = PBXFileReference; lastKnownFileType = sourcecode.swift; path = Aspects.swift; sourceTree = "<group>"; };
		694BAACB2B09A59400D49DF1 /* Quality.swift */ = {isa = PBXFileReference; lastKnownFileType = sourcecode.swift; path = Quality.swift; sourceTree = "<group>"; };
		694BAACD2B09A5FD00D49DF1 /* Zodiacs.swift */ = {isa = PBXFileReference; lastKnownFileType = sourcecode.swift; path = Zodiacs.swift; sourceTree = "<group>"; };
		694BAACF2B09A73200D49DF1 /* Signs.swift */ = {isa = PBXFileReference; lastKnownFileType = sourcecode.swift; path = Signs.swift; sourceTree = "<group>"; };
		694BAAD12B0AC8B200D49DF1 /* VCPreview.swift */ = {isa = PBXFileReference; lastKnownFileType = sourcecode.swift; path = VCPreview.swift; sourceTree = "<group>"; };
		696E21342B2FF9A2001C4504 /* NexaDemo-Light.ttf */ = {isa = PBXFileReference; lastKnownFileType = file; path = "NexaDemo-Light.ttf"; sourceTree = "<group>"; };
		696E21352B2FF9A2001C4504 /* NexaTextDemo-Light.ttf */ = {isa = PBXFileReference; lastKnownFileType = file; path = "NexaTextDemo-Light.ttf"; sourceTree = "<group>"; };
		696E21362B2FF9A2001C4504 /* NexaTextDemo-Bold.ttf */ = {isa = PBXFileReference; lastKnownFileType = file; path = "NexaTextDemo-Bold.ttf"; sourceTree = "<group>"; };
		696E21372B2FF9A3001C4504 /* NexaDemo-Bold.ttf */ = {isa = PBXFileReference; lastKnownFileType = file; path = "NexaDemo-Bold.ttf"; sourceTree = "<group>"; };
		696E213C2B2FF9B1001C4504 /* FF EULA License ver2.2.pdf */ = {isa = PBXFileReference; lastKnownFileType = image.pdf; path = "FF EULA License ver2.2.pdf"; sourceTree = "<group>"; };
		696E213E2B2FFAB3001C4504 /* Fonts.swift */ = {isa = PBXFileReference; lastKnownFileType = sourcecode.swift; path = Fonts.swift; sourceTree = "<group>"; };
		696E21402B311EE4001C4504 /* CustomTabBarController.swift */ = {isa = PBXFileReference; lastKnownFileType = sourcecode.swift; path = CustomTabBarController.swift; sourceTree = "<group>"; };
		696FFAED2AB91A6800C233E1 /* Planets.swift */ = {isa = PBXFileReference; lastKnownFileType = sourcecode.swift; path = Planets.swift; sourceTree = "<group>"; };
		69BFB6232B8197AA00AEFF2B /* TabBarViewModel.swift */ = {isa = PBXFileReference; lastKnownFileType = sourcecode.swift; path = TabBarViewModel.swift; sourceTree = "<group>"; };
		69BFB6252B82C10100AEFF2B /* ZodiacViewModel.swift */ = {isa = PBXFileReference; lastKnownFileType = sourcecode.swift; path = ZodiacViewModel.swift; sourceTree = "<group>"; };
		69BFB6272B82C92100AEFF2B /* AspectsViewModel.swift */ = {isa = PBXFileReference; lastKnownFileType = sourcecode.swift; path = AspectsViewModel.swift; sourceTree = "<group>"; };
		69BFB6292B82C98600AEFF2B /* HousesViewModel.swift */ = {isa = PBXFileReference; lastKnownFileType = sourcecode.swift; path = HousesViewModel.swift; sourceTree = "<group>"; };
		69BFB6302B82CE4E00AEFF2B /* QualityViewModel.swift */ = {isa = PBXFileReference; lastKnownFileType = sourcecode.swift; path = QualityViewModel.swift; sourceTree = "<group>"; };
		69BFB6322B82CE5C00AEFF2B /* SignViewModel.swift */ = {isa = PBXFileReference; lastKnownFileType = sourcecode.swift; path = SignViewModel.swift; sourceTree = "<group>"; };
		69BFB6342B82D07400AEFF2B /* ZodiacTableViewCell.swift */ = {isa = PBXFileReference; lastKnownFileType = sourcecode.swift; path = ZodiacTableViewCell.swift; sourceTree = "<group>"; };
		69F4BA982B25163A00EA9C05 /* astrologyData.json */ = {isa = PBXFileReference; lastKnownFileType = text.json; path = astrologyData.json; sourceTree = "<group>"; };
		69F4BA9A2B254D5400EA9C05 /* AstrologyDataService.swift */ = {isa = PBXFileReference; lastKnownFileType = sourcecode.swift; path = AstrologyDataService.swift; sourceTree = "<group>"; };
		69F4BA9C2B25504700EA9C05 /* AstrologyData.swift */ = {isa = PBXFileReference; lastKnownFileType = sourcecode.swift; path = AstrologyData.swift; sourceTree = "<group>"; };
		69F4BA9F2B25744700EA9C05 /* AspectsViewController.swift */ = {isa = PBXFileReference; lastKnownFileType = sourcecode.swift; path = AspectsViewController.swift; sourceTree = "<group>"; };
		69F4BAA12B25746200EA9C05 /* HousesViewController.swift */ = {isa = PBXFileReference; lastKnownFileType = sourcecode.swift; path = HousesViewController.swift; sourceTree = "<group>"; };
		69F4BAA32B25777400EA9C05 /* PlanetsViewModel.swift */ = {isa = PBXFileReference; lastKnownFileType = sourcecode.swift; path = PlanetsViewModel.swift; sourceTree = "<group>"; };
		69F4BAA52B2578DB00EA9C05 /* PlanetTableViewCell.swift */ = {isa = PBXFileReference; lastKnownFileType = sourcecode.swift; name = PlanetTableViewCell.swift; path = astroApp/Views/Planets/PlanetTableViewCell.swift; sourceTree = SOURCE_ROOT; };
		69F4BAA72B26552000EA9C05 /* PlanetDetailViewController.swift */ = {isa = PBXFileReference; lastKnownFileType = sourcecode.swift; path = PlanetDetailViewController.swift; sourceTree = "<group>"; };
/* End PBXFileReference section */

/* Begin PBXFrameworksBuildPhase section */
		6938E3E82AA5141500E37202 /* Frameworks */ = {
			isa = PBXFrameworksBuildPhase;
			buildActionMask = 2147483647;
			files = (
			);
			runOnlyForDeploymentPostprocessing = 0;
		};
/* End PBXFrameworksBuildPhase section */

/* Begin PBXGroup section */
		6938E3E22AA5141500E37202 = {
			isa = PBXGroup;
			children = (
				6938E3ED2AA5141500E37202 /* astroApp */,
				6938E3EC2AA5141500E37202 /* Products */,
			);
			sourceTree = "<group>";
		};
		6938E3EC2AA5141500E37202 /* Products */ = {
			isa = PBXGroup;
			children = (
				6938E3EB2AA5141500E37202 /* astroApp.app */,
			);
			name = Products;
			sourceTree = "<group>";
		};
		6938E3ED2AA5141500E37202 /* astroApp */ = {
			isa = PBXGroup;
			children = (
				696FFAEB2AB919FE00C233E1 /* Views */,
				696FFAEC2AB91A0600C233E1 /* ViewModels */,
				696FFAEA2AB919F400C233E1 /* Models */,
				69F4BA9E2B25508000EA9C05 /* Services */,
				6938E4052AA55E0D00E37202 /* Supporting */,
				6938E3FC2AA5141800E37202 /* Info.plist */,
			);
			path = astroApp;
			sourceTree = "<group>";
		};
		6938E4052AA55E0D00E37202 /* Supporting */ = {
			isa = PBXGroup;
			children = (
				696E21332B2FF932001C4504 /* Fonts */,
				6938E3F92AA5141800E37202 /* LaunchScreen.storyboard */,
				6938E3F72AA5141800E37202 /* Assets.xcassets */,
				6938E3F02AA5141500E37202 /* SceneDelegate.swift */,
				6938E3EE2AA5141500E37202 /* AppDelegate.swift */,
				694BAAD12B0AC8B200D49DF1 /* VCPreview.swift */,
			);
			path = Supporting;
			sourceTree = "<group>";
		};
		696E21332B2FF932001C4504 /* Fonts */ = {
			isa = PBXGroup;
			children = (
				696E213C2B2FF9B1001C4504 /* FF EULA License ver2.2.pdf */,
				696E21372B2FF9A3001C4504 /* NexaDemo-Bold.ttf */,
				696E21342B2FF9A2001C4504 /* NexaDemo-Light.ttf */,
				696E21362B2FF9A2001C4504 /* NexaTextDemo-Bold.ttf */,
				696E21352B2FF9A2001C4504 /* NexaTextDemo-Light.ttf */,
			);
			path = Fonts;
			sourceTree = "<group>";
		};
		696FFAEA2AB919F400C233E1 /* Models */ = {
			isa = PBXGroup;
			children = (
				696FFAED2AB91A6800C233E1 /* Planets.swift */,
				694BAAC62B047A1B00D49DF1 /* Houses.swift */,
				694BAAC82B04868A00D49DF1 /* Aspects.swift */,
				694BAACD2B09A5FD00D49DF1 /* Zodiacs.swift */,
				694BAACB2B09A59400D49DF1 /* Quality.swift */,
				694BAACF2B09A73200D49DF1 /* Signs.swift */,
				69F4BA9C2B25504700EA9C05 /* AstrologyData.swift */,
				696E213E2B2FFAB3001C4504 /* Fonts.swift */,
			);
			path = Models;
			sourceTree = "<group>";
		};
		696FFAEB2AB919FE00C233E1 /* Views */ = {
			isa = PBXGroup;
			children = (
				69BFB62E2B82CA6600AEFF2B /* Houses */,
				69BFB62D2B82CA5700AEFF2B /* Aspects */,
				69BFB62C2B82CA4600AEFF2B /* Zodiacs */,
				69BFB62B2B82CA2800AEFF2B /* Planets */,
				696E21402B311EE4001C4504 /* CustomTabBarController.swift */,
			);
			path = Views;
			sourceTree = "<group>";
		};
		696FFAEC2AB91A0600C233E1 /* ViewModels */ = {
			isa = PBXGroup;
			children = (
				69F4BAA32B25777400EA9C05 /* PlanetsViewModel.swift */,
				69BFB6232B8197AA00AEFF2B /* TabBarViewModel.swift */,
				69BFB6252B82C10100AEFF2B /* ZodiacViewModel.swift */,
				69BFB6272B82C92100AEFF2B /* AspectsViewModel.swift */,
				69BFB6292B82C98600AEFF2B /* HousesViewModel.swift */,
				69BFB6302B82CE4E00AEFF2B /* QualityViewModel.swift */,
				69BFB6322B82CE5C00AEFF2B /* SignViewModel.swift */,
			);
			path = ViewModels;
			sourceTree = "<group>";
		};
		69BFB62B2B82CA2800AEFF2B /* Planets */ = {
			isa = PBXGroup;
			children = (
				69F4BAA72B26552000EA9C05 /* PlanetDetailViewController.swift */,
				69F4BAA52B2578DB00EA9C05 /* PlanetTableViewCell.swift */,
				6938E3F22AA5141500E37202 /* PlanetsViewController.swift */,
			);
			path = Planets;
			sourceTree = "<group>";
		};
		69BFB62C2B82CA4600AEFF2B /* Zodiacs */ = {
			isa = PBXGroup;
			children = (
				6938E4022AA5512D00E37202 /* ZodiacsViewController.swift */,
				69BFB6342B82D07400AEFF2B /* ZodiacTableViewCell.swift */,
			);
			path = Zodiacs;
			sourceTree = "<group>";
		};
		69BFB62D2B82CA5700AEFF2B /* Aspects */ = {
			isa = PBXGroup;
			children = (
				69F4BA9F2B25744700EA9C05 /* AspectsViewController.swift */,
			);
			path = Aspects;
			sourceTree = "<group>";
		};
		69BFB62E2B82CA6600AEFF2B /* Houses */ = {
			isa = PBXGroup;
			children = (
				69F4BAA12B25746200EA9C05 /* HousesViewController.swift */,
			);
			path = Houses;
			sourceTree = "<group>";
		};
		69F4BA9E2B25508000EA9C05 /* Services */ = {
			isa = PBXGroup;
			children = (
				69F4BA9A2B254D5400EA9C05 /* AstrologyDataService.swift */,
				69F4BA982B25163A00EA9C05 /* astrologyData.json */,
			);
			path = Services;
			sourceTree = "<group>";
		};
/* End PBXGroup section */

/* Begin PBXNativeTarget section */
		6938E3EA2AA5141500E37202 /* astroApp */ = {
			isa = PBXNativeTarget;
			buildConfigurationList = 6938E3FF2AA5141800E37202 /* Build configuration list for PBXNativeTarget "astroApp" */;
			buildPhases = (
				6938E3E72AA5141500E37202 /* Sources */,
				6938E3E82AA5141500E37202 /* Frameworks */,
				6938E3E92AA5141500E37202 /* Resources */,
			);
			buildRules = (
			);
			dependencies = (
			);
			name = astroApp;
			productName = astroApp;
			productReference = 6938E3EB2AA5141500E37202 /* astroApp.app */;
			productType = "com.apple.product-type.application";
		};
/* End PBXNativeTarget section */

/* Begin PBXProject section */
		6938E3E32AA5141500E37202 /* Project object */ = {
			isa = PBXProject;
			attributes = {
				BuildIndependentTargetsInParallel = 1;
				LastSwiftUpdateCheck = 1430;
				LastUpgradeCheck = 1500;
				TargetAttributes = {
					6938E3EA2AA5141500E37202 = {
						CreatedOnToolsVersion = 14.3.1;
					};
				};
			};
			buildConfigurationList = 6938E3E62AA5141500E37202 /* Build configuration list for PBXProject "astroApp" */;
			compatibilityVersion = "Xcode 14.0";
			developmentRegion = en;
			hasScannedForEncodings = 0;
			knownRegions = (
				en,
				Base,
			);
			mainGroup = 6938E3E22AA5141500E37202;
			productRefGroup = 6938E3EC2AA5141500E37202 /* Products */;
			projectDirPath = "";
			projectRoot = "";
			targets = (
				6938E3EA2AA5141500E37202 /* astroApp */,
			);
		};
/* End PBXProject section */

/* Begin PBXResourcesBuildPhase section */
		6938E3E92AA5141500E37202 /* Resources */ = {
			isa = PBXResourcesBuildPhase;
			buildActionMask = 2147483647;
			files = (
				696E213B2B2FF9A3001C4504 /* NexaDemo-Bold.ttf in Resources */,
				696E21382B2FF9A3001C4504 /* NexaDemo-Light.ttf in Resources */,
				6938E3FB2AA5141800E37202 /* LaunchScreen.storyboard in Resources */,
				69F4BA992B25163A00EA9C05 /* astrologyData.json in Resources */,
				6938E3F82AA5141800E37202 /* Assets.xcassets in Resources */,
				696E21392B2FF9A3001C4504 /* NexaTextDemo-Light.ttf in Resources */,
				696E213A2B2FF9A3001C4504 /* NexaTextDemo-Bold.ttf in Resources */,
				696E213D2B2FF9B1001C4504 /* FF EULA License ver2.2.pdf in Resources */,
			);
			runOnlyForDeploymentPostprocessing = 0;
		};
/* End PBXResourcesBuildPhase section */

/* Begin PBXSourcesBuildPhase section */
		6938E3E72AA5141500E37202 /* Sources */ = {
			isa = PBXSourcesBuildPhase;
			buildActionMask = 2147483647;
			files = (
				69F4BAA22B25746200EA9C05 /* HousesViewController.swift in Sources */,
				69F4BA9B2B254D5400EA9C05 /* AstrologyDataService.swift in Sources */,
				696E21412B311EE4001C4504 /* CustomTabBarController.swift in Sources */,
				69BFB62A2B82C98600AEFF2B /* HousesViewModel.swift in Sources */,
				694BAAC92B04868A00D49DF1 /* Aspects.swift in Sources */,
				694BAACC2B09A59400D49DF1 /* Quality.swift in Sources */,
				69F4BAA42B25777400EA9C05 /* PlanetsViewModel.swift in Sources */,
				69BFB6262B82C10100AEFF2B /* ZodiacViewModel.swift in Sources */,
				69BFB6312B82CE4E00AEFF2B /* QualityViewModel.swift in Sources */,
				694BAAD22B0AC8B200D49DF1 /* VCPreview.swift in Sources */,
				6938E4032AA5512D00E37202 /* ZodiacsViewController.swift in Sources */,
				69BFB6282B82C92100AEFF2B /* AspectsViewModel.swift in Sources */,
				694BAACE2B09A5FD00D49DF1 /* Zodiacs.swift in Sources */,
				69BFB6352B82D07400AEFF2B /* ZodiacTableViewCell.swift in Sources */,
				696FFAEE2AB91A6800C233E1 /* Planets.swift in Sources */,
				69F4BAA02B25744700EA9C05 /* AspectsViewController.swift in Sources */,
				69F4BAA82B26552000EA9C05 /* PlanetDetailViewController.swift in Sources */,
				6938E3F32AA5141500E37202 /* PlanetsViewController.swift in Sources */,
				694BAAD02B09A73200D49DF1 /* Signs.swift in Sources */,
				6938E3EF2AA5141500E37202 /* AppDelegate.swift in Sources */,
				69BFB6332B82CE5C00AEFF2B /* SignViewModel.swift in Sources */,
				69F4BAA62B2578DB00EA9C05 /* PlanetTableViewCell.swift in Sources */,
				694BAAC72B047A1B00D49DF1 /* Houses.swift in Sources */,
				69BFB6242B8197AA00AEFF2B /* TabBarViewModel.swift in Sources */,
				6938E3F12AA5141500E37202 /* SceneDelegate.swift in Sources */,
				696E213F2B2FFAB3001C4504 /* Fonts.swift in Sources */,
				69F4BA9D2B25504700EA9C05 /* AstrologyData.swift in Sources */,
			);
			runOnlyForDeploymentPostprocessing = 0;
		};
/* End PBXSourcesBuildPhase section */

/* Begin PBXVariantGroup section */
		6938E3F92AA5141800E37202 /* LaunchScreen.storyboard */ = {
			isa = PBXVariantGroup;
			children = (
				6938E3FA2AA5141800E37202 /* Base */,
			);
			name = LaunchScreen.storyboard;
			sourceTree = "<group>";
		};
/* End PBXVariantGroup section */

/* Begin XCBuildConfiguration section */
		6938E3FD2AA5141800E37202 /* Debug */ = {
			isa = XCBuildConfiguration;
			buildSettings = {
				ALWAYS_SEARCH_USER_PATHS = NO;
				ASSETCATALOG_COMPILER_GENERATE_SWIFT_ASSET_SYMBOL_EXTENSIONS = YES;
				CLANG_ANALYZER_NONNULL = YES;
				CLANG_ANALYZER_NUMBER_OBJECT_CONVERSION = YES_AGGRESSIVE;
				CLANG_CXX_LANGUAGE_STANDARD = "gnu++20";
				CLANG_ENABLE_MODULES = YES;
				CLANG_ENABLE_OBJC_ARC = YES;
				CLANG_ENABLE_OBJC_WEAK = YES;
				CLANG_WARN_BLOCK_CAPTURE_AUTORELEASING = YES;
				CLANG_WARN_BOOL_CONVERSION = YES;
				CLANG_WARN_COMMA = YES;
				CLANG_WARN_CONSTANT_CONVERSION = YES;
				CLANG_WARN_DEPRECATED_OBJC_IMPLEMENTATIONS = YES;
				CLANG_WARN_DIRECT_OBJC_ISA_USAGE = YES_ERROR;
				CLANG_WARN_DOCUMENTATION_COMMENTS = YES;
				CLANG_WARN_EMPTY_BODY = YES;
				CLANG_WARN_ENUM_CONVERSION = YES;
				CLANG_WARN_INFINITE_RECURSION = YES;
				CLANG_WARN_INT_CONVERSION = YES;
				CLANG_WARN_NON_LITERAL_NULL_CONVERSION = YES;
				CLANG_WARN_OBJC_IMPLICIT_RETAIN_SELF = YES;
				CLANG_WARN_OBJC_LITERAL_CONVERSION = YES;
				CLANG_WARN_OBJC_ROOT_CLASS = YES_ERROR;
				CLANG_WARN_QUOTED_INCLUDE_IN_FRAMEWORK_HEADER = YES;
				CLANG_WARN_RANGE_LOOP_ANALYSIS = YES;
				CLANG_WARN_STRICT_PROTOTYPES = YES;
				CLANG_WARN_SUSPICIOUS_MOVE = YES;
				CLANG_WARN_UNGUARDED_AVAILABILITY = YES_AGGRESSIVE;
				CLANG_WARN_UNREACHABLE_CODE = YES;
				CLANG_WARN__DUPLICATE_METHOD_MATCH = YES;
				COPY_PHASE_STRIP = NO;
				DEBUG_INFORMATION_FORMAT = dwarf;
				ENABLE_STRICT_OBJC_MSGSEND = YES;
				ENABLE_TESTABILITY = YES;
				ENABLE_USER_SCRIPT_SANDBOXING = YES;
				GCC_C_LANGUAGE_STANDARD = gnu11;
				GCC_DYNAMIC_NO_PIC = NO;
				GCC_NO_COMMON_BLOCKS = YES;
				GCC_OPTIMIZATION_LEVEL = 0;
				GCC_PREPROCESSOR_DEFINITIONS = (
					"DEBUG=1",
					"$(inherited)",
				);
				GCC_WARN_64_TO_32_BIT_CONVERSION = YES;
				GCC_WARN_ABOUT_RETURN_TYPE = YES_ERROR;
				GCC_WARN_UNDECLARED_SELECTOR = YES;
				GCC_WARN_UNINITIALIZED_AUTOS = YES_AGGRESSIVE;
				GCC_WARN_UNUSED_FUNCTION = YES;
				GCC_WARN_UNUSED_VARIABLE = YES;
				IPHONEOS_DEPLOYMENT_TARGET = 16.4;
				MTL_ENABLE_DEBUG_INFO = INCLUDE_SOURCE;
				MTL_FAST_MATH = YES;
				ONLY_ACTIVE_ARCH = YES;
				SDKROOT = iphoneos;
				SWIFT_ACTIVE_COMPILATION_CONDITIONS = DEBUG;
				SWIFT_OPTIMIZATION_LEVEL = "-Onone";
			};
			name = Debug;
		};
		6938E3FE2AA5141800E37202 /* Release */ = {
			isa = XCBuildConfiguration;
			buildSettings = {
				ALWAYS_SEARCH_USER_PATHS = NO;
				ASSETCATALOG_COMPILER_GENERATE_SWIFT_ASSET_SYMBOL_EXTENSIONS = YES;
				CLANG_ANALYZER_NONNULL = YES;
				CLANG_ANALYZER_NUMBER_OBJECT_CONVERSION = YES_AGGRESSIVE;
				CLANG_CXX_LANGUAGE_STANDARD = "gnu++20";
				CLANG_ENABLE_MODULES = YES;
				CLANG_ENABLE_OBJC_ARC = YES;
				CLANG_ENABLE_OBJC_WEAK = YES;
				CLANG_WARN_BLOCK_CAPTURE_AUTORELEASING = YES;
				CLANG_WARN_BOOL_CONVERSION = YES;
				CLANG_WARN_COMMA = YES;
				CLANG_WARN_CONSTANT_CONVERSION = YES;
				CLANG_WARN_DEPRECATED_OBJC_IMPLEMENTATIONS = YES;
				CLANG_WARN_DIRECT_OBJC_ISA_USAGE = YES_ERROR;
				CLANG_WARN_DOCUMENTATION_COMMENTS = YES;
				CLANG_WARN_EMPTY_BODY = YES;
				CLANG_WARN_ENUM_CONVERSION = YES;
				CLANG_WARN_INFINITE_RECURSION = YES;
				CLANG_WARN_INT_CONVERSION = YES;
				CLANG_WARN_NON_LITERAL_NULL_CONVERSION = YES;
				CLANG_WARN_OBJC_IMPLICIT_RETAIN_SELF = YES;
				CLANG_WARN_OBJC_LITERAL_CONVERSION = YES;
				CLANG_WARN_OBJC_ROOT_CLASS = YES_ERROR;
				CLANG_WARN_QUOTED_INCLUDE_IN_FRAMEWORK_HEADER = YES;
				CLANG_WARN_RANGE_LOOP_ANALYSIS = YES;
				CLANG_WARN_STRICT_PROTOTYPES = YES;
				CLANG_WARN_SUSPICIOUS_MOVE = YES;
				CLANG_WARN_UNGUARDED_AVAILABILITY = YES_AGGRESSIVE;
				CLANG_WARN_UNREACHABLE_CODE = YES;
				CLANG_WARN__DUPLICATE_METHOD_MATCH = YES;
				COPY_PHASE_STRIP = NO;
				DEBUG_INFORMATION_FORMAT = "dwarf-with-dsym";
				ENABLE_NS_ASSERTIONS = NO;
				ENABLE_STRICT_OBJC_MSGSEND = YES;
				ENABLE_USER_SCRIPT_SANDBOXING = YES;
				GCC_C_LANGUAGE_STANDARD = gnu11;
				GCC_NO_COMMON_BLOCKS = YES;
				GCC_WARN_64_TO_32_BIT_CONVERSION = YES;
				GCC_WARN_ABOUT_RETURN_TYPE = YES_ERROR;
				GCC_WARN_UNDECLARED_SELECTOR = YES;
				GCC_WARN_UNINITIALIZED_AUTOS = YES_AGGRESSIVE;
				GCC_WARN_UNUSED_FUNCTION = YES;
				GCC_WARN_UNUSED_VARIABLE = YES;
				IPHONEOS_DEPLOYMENT_TARGET = 16.4;
				MTL_ENABLE_DEBUG_INFO = NO;
				MTL_FAST_MATH = YES;
				SDKROOT = iphoneos;
				SWIFT_COMPILATION_MODE = wholemodule;
				SWIFT_OPTIMIZATION_LEVEL = "-O";
				VALIDATE_PRODUCT = YES;
			};
			name = Release;
		};
		6938E4002AA5141800E37202 /* Debug */ = {
			isa = XCBuildConfiguration;
			buildSettings = {
				ASSETCATALOG_COMPILER_APPICON_NAME = AppIcon;
				ASSETCATALOG_COMPILER_GLOBAL_ACCENT_COLOR_NAME = AccentColor;
				CODE_SIGN_STYLE = Automatic;
				CURRENT_PROJECT_VERSION = 1;
				DEVELOPMENT_TEAM = ZAJDB8LML2;
				GENERATE_INFOPLIST_FILE = YES;
				INFOPLIST_FILE = astroApp/Info.plist;
				INFOPLIST_KEY_UIApplicationSupportsIndirectInputEvents = YES;
				INFOPLIST_KEY_UILaunchStoryboardName = LaunchScreen;
				INFOPLIST_KEY_UISupportedInterfaceOrientations_iPad = "UIInterfaceOrientationPortrait UIInterfaceOrientationPortraitUpsideDown UIInterfaceOrientationLandscapeLeft UIInterfaceOrientationLandscapeRight";
				INFOPLIST_KEY_UISupportedInterfaceOrientations_iPhone = "UIInterfaceOrientationPortrait UIInterfaceOrientationLandscapeLeft UIInterfaceOrientationLandscapeRight";
				LD_RUNPATH_SEARCH_PATHS = (
					"$(inherited)",
					"@executable_path/Frameworks",
				);
				MARKETING_VERSION = 1.0;
				PRODUCT_BUNDLE_IDENTIFIER = com.jameka.echols.astroApp;
				PRODUCT_NAME = "$(TARGET_NAME)";
				SWIFT_EMIT_LOC_STRINGS = YES;
				SWIFT_VERSION = 5.0;
				TARGETED_DEVICE_FAMILY = "1,2";
			};
			name = Debug;
		};
		6938E4012AA5141800E37202 /* Release */ = {
			isa = XCBuildConfiguration;
			buildSettings = {
				ASSETCATALOG_COMPILER_APPICON_NAME = AppIcon;
				ASSETCATALOG_COMPILER_GLOBAL_ACCENT_COLOR_NAME = AccentColor;
				CODE_SIGN_STYLE = Automatic;
				CURRENT_PROJECT_VERSION = 1;
				DEVELOPMENT_TEAM = ZAJDB8LML2;
				GENERATE_INFOPLIST_FILE = YES;
				INFOPLIST_FILE = astroApp/Info.plist;
				INFOPLIST_KEY_UIApplicationSupportsIndirectInputEvents = YES;
				INFOPLIST_KEY_UILaunchStoryboardName = LaunchScreen;
				INFOPLIST_KEY_UISupportedInterfaceOrientations_iPad = "UIInterfaceOrientationPortrait UIInterfaceOrientationPortraitUpsideDown UIInterfaceOrientationLandscapeLeft UIInterfaceOrientationLandscapeRight";
				INFOPLIST_KEY_UISupportedInterfaceOrientations_iPhone = "UIInterfaceOrientationPortrait UIInterfaceOrientationLandscapeLeft UIInterfaceOrientationLandscapeRight";
				LD_RUNPATH_SEARCH_PATHS = (
					"$(inherited)",
					"@executable_path/Frameworks",
				);
				MARKETING_VERSION = 1.0;
				PRODUCT_BUNDLE_IDENTIFIER = com.jameka.echols.astroApp;
				PRODUCT_NAME = "$(TARGET_NAME)";
				SWIFT_EMIT_LOC_STRINGS = YES;
				SWIFT_VERSION = 5.0;
				TARGETED_DEVICE_FAMILY = "1,2";
			};
			name = Release;
		};
/* End XCBuildConfiguration section */

/* Begin XCConfigurationList section */
		6938E3E62AA5141500E37202 /* Build configuration list for PBXProject "astroApp" */ = {
			isa = XCConfigurationList;
			buildConfigurations = (
				6938E3FD2AA5141800E37202 /* Debug */,
				6938E3FE2AA5141800E37202 /* Release */,
			);
			defaultConfigurationIsVisible = 0;
			defaultConfigurationName = Release;
		};
		6938E3FF2AA5141800E37202 /* Build configuration list for PBXNativeTarget "astroApp" */ = {
			isa = XCConfigurationList;
			buildConfigurations = (
				6938E4002AA5141800E37202 /* Debug */,
				6938E4012AA5141800E37202 /* Release */,
			);
			defaultConfigurationIsVisible = 0;
			defaultConfigurationName = Release;
		};
/* End XCConfigurationList section */
	};
	rootObject = 6938E3E32AA5141500E37202 /* Project object */;
}
